
Microsoft Visual Studio Solution File, Format Version 12.00
# Visual Studio Version 16
VisualStudioVersion = 16.0.30204.135
MinimumVisualStudioVersion = 10.0.40219.1
Project("{9A19103F-16F7-4668-BE54-9A1E7A4F7556}") = "Narvan.WebApi", "Narvan.WebApi\Narvan.WebApi.csproj", "{9F1FFA33-026F-4EE8-8FDB-CC371E1D8AE4}"
EndProject
Project("{2150E333-8FDC-42A3-9474-1A3956D46DE8}") = "01.Domains", "01.Domains", "{BE02FFD2-CD1F-466C-BD77-17E860B5EC7D}"
EndProject
Project("{2150E333-8FDC-42A3-9474-1A3956D46DE8}") = "02.Services", "02.Services", "{9B5D0EEC-F802-4F64-9B99-4286335396DD}"
EndProject
Project("{2150E333-8FDC-42A3-9474-1A3956D46DE8}") = "03.DataAccess", "03.DataAccess", "{5B96E1C8-745E-4E57-84D2-484D7324E8C0}"
EndProject
Project("{2150E333-8FDC-42A3-9474-1A3956D46DE8}") = "04.EndPoints", "04.EndPoints", "{715C3BBC-2585-4731-BA10-F778B62A3EC5}"
EndProject
Project("{9A19103F-16F7-4668-BE54-9A1E7A4F7556}") = "Narvan.Domains", "Narvan.Domains\Narvan.Domains.csproj", "{B60A8131-9819-4112-8F08-9D8C284399EE}"
EndProject
Project("{9A19103F-16F7-4668-BE54-9A1E7A4F7556}") = "Narvan.Services", "Narvan.Services\Narvan.Services.csproj", "{5838D73E-9E97-4EAE-A757-89377E673608}"
EndProject
Project("{9A19103F-16F7-4668-BE54-9A1E7A4F7556}") = "Narvan.DataAccessCommands", "Narvan.DataAccessCommands\Narvan.DataAccessCommands.csproj", "{63BA5791-FA99-43D0-9F7E-E72301502D28}"
EndProject
Project("{9A19103F-16F7-4668-BE54-9A1E7A4F7556}") = "Narvan.DataAccessQueries", "Narvan.DataAccessQueries\Narvan.DataAccessQueries.csproj", "{18AE111A-88F6-4BC8-977C-456230153462}"
EndProject
Project("{2150E333-8FDC-42A3-9474-1A3956D46DE8}") = "Source", "Source", "{31FD1C12-B0B7-4CC4-BEA8-32DFD99F6918}"
EndProject
Project("{2150E333-8FDC-42A3-9474-1A3956D46DE8}") = "Test", "Test", "{7B855DA9-5F2D-45C6-A4F8-5103E7983954}"
EndProject
Global
	GlobalSection(SolutionConfigurationPlatforms) = preSolution
		Debug|Any CPU = Debug|Any CPU
		Release|Any CPU = Release|Any CPU
	EndGlobalSection
	GlobalSection(ProjectConfigurationPlatforms) = postSolution
		{9F1FFA33-026F-4EE8-8FDB-CC371E1D8AE4}.Debug|Any CPU.ActiveCfg = Debug|Any CPU
		{9F1FFA33-026F-4EE8-8FDB-CC371E1D8AE4}.Debug|Any CPU.Build.0 = Debug|Any CPU
		{9F1FFA33-026F-4EE8-8FDB-CC371E1D8AE4}.Release|Any CPU.ActiveCfg = Release|Any CPU
		{9F1FFA33-026F-4EE8-8FDB-CC371E1D8AE4}.Release|Any CPU.Build.0 = Release|Any CPU
		{B60A8131-9819-4112-8F08-9D8C284399EE}.Debug|Any CPU.ActiveCfg = Debug|Any CPU
		{B60A8131-9819-4112-8F08-9D8C284399EE}.Debug|Any CPU.Build.0 = Debug|Any CPU
		{B60A8131-9819-4112-8F08-9D8C284399EE}.Release|Any CPU.ActiveCfg = Release|Any CPU
		{B60A8131-9819-4112-8F08-9D8C284399EE}.Release|Any CPU.Build.0 = Release|Any CPU
		{5838D73E-9E97-4EAE-A757-89377E673608}.Debug|Any CPU.ActiveCfg = Debug|Any CPU
		{5838D73E-9E97-4EAE-A757-89377E673608}.Debug|Any CPU.Build.0 = Debug|Any CPU
		{5838D73E-9E97-4EAE-A757-89377E673608}.Release|Any CPU.ActiveCfg = Release|Any CPU
		{5838D73E-9E97-4EAE-A757-89377E673608}.Release|Any CPU.Build.0 = Release|Any CPU
		{63BA5791-FA99-43D0-9F7E-E72301502D28}.Debug|Any CPU.ActiveCfg = Debug|Any CPU
		{63BA5791-FA99-43D0-9F7E-E72301502D28}.Debug|Any CPU.Build.0 = Debug|Any CPU
		{63BA5791-FA99-43D0-9F7E-E72301502D28}.Release|Any CPU.ActiveCfg = Release|Any CPU
		{63BA5791-FA99-43D0-9F7E-E72301502D28}.Release|Any CPU.Build.0 = Release|Any CPU
		{18AE111A-88F6-4BC8-977C-456230153462}.Debug|Any CPU.ActiveCfg = Debug|Any CPU
		{18AE111A-88F6-4BC8-977C-456230153462}.Debug|Any CPU.Build.0 = Debug|Any CPU
		{18AE111A-88F6-4BC8-977C-456230153462}.Release|Any CPU.ActiveCfg = Release|Any CPU
		{18AE111A-88F6-4BC8-977C-456230153462}.Release|Any CPU.Build.0 = Release|Any CPU
	EndGlobalSection
	GlobalSection(SolutionProperties) = preSolution
		HideSolutionNode = FALSE
	EndGlobalSection
	GlobalSection(NestedProjects) = preSolution
		{9F1FFA33-026F-4EE8-8FDB-CC371E1D8AE4} = {715C3BBC-2585-4731-BA10-F778B62A3EC5}
		{BE02FFD2-CD1F-466C-BD77-17E860B5EC7D} = {31FD1C12-B0B7-4CC4-BEA8-32DFD99F6918}
		{9B5D0EEC-F802-4F64-9B99-4286335396DD} = {31FD1C12-B0B7-4CC4-BEA8-32DFD99F6918}
		{5B96E1C8-745E-4E57-84D2-484D7324E8C0} = {31FD1C12-B0B7-4CC4-BEA8-32DFD99F6918}
		{715C3BBC-2585-4731-BA10-F778B62A3EC5} = {31FD1C12-B0B7-4CC4-BEA8-32DFD99F6918}
		{B60A8131-9819-4112-8F08-9D8C284399EE} = {BE02FFD2-CD1F-466C-BD77-17E860B5EC7D}
		{5838D73E-9E97-4EAE-A757-89377E673608} = {9B5D0EEC-F802-4F64-9B99-4286335396DD}
		{63BA5791-FA99-43D0-9F7E-E72301502D28} = {5B96E1C8-745E-4E57-84D2-484D7324E8C0}
		{18AE111A-88F6-4BC8-977C-456230153462} = {5B96E1C8-745E-4E57-84D2-484D7324E8C0}
	EndGlobalSection
	GlobalSection(ExtensibilityGlobals) = postSolution
		SolutionGuid = {4D3FDDA8-159D-4D56-B166-C26B118CF2F0}
	EndGlobalSection
EndGlobal
